PODS:
  - SwiftLint (0.29.3)
  - TOCropViewController (2.4.0)
  - YesWeScan (1.0.5)

DEPENDENCIES:
  - SwiftLint
  - TOCropViewController
  - YesWeScan (from `../`)

SPEC REPOS:
  https://github.com/cocoapods/specs.git:
    - SwiftLint
    - TOCropViewController

EXTERNAL SOURCES:
  YesWeScan:
    :path: "../"

SPEC CHECKSUMS:
  SwiftLint: bfa7ca7b4d170cfaf0d236ca3ffd969e88a2f002
  TOCropViewController: 368d8df3ea43b62c3dc5a61f11b9048274d240bd
  YesWeScan: 337c676ddb71c2b2f4e294105851b695a7939b11

PODFILE CHECKSUM: 2072a059059456ea19217f4b9200d97597246165

COCOAPODS: 1.5.3
