// !$*UTF8*$!
{
	archiveVersion = 1;
	classes = {
	};
	objectVersion = 50;
	objects = {

/* Begin PBXBuildFile section */
		229B7B212170D5E700619215 /* Bundle+UserActivityIdentifier.swift in Sources */ = {isa = PBXBuildFile; fileRef = 229B7B202170D5E700619215 /* Bundle+UserActivityIdentifier.swift */; };
		AB100DEAC71BE98E3B0188D0 /* Pods_YesWeScanExampleApp.framework in Frameworks */ = {isa = PBXBuildFile; fileRef = F337E1B4DB2217E8FBAF8016 /* Pods_YesWeScanExampleApp.framework */; };
		B23598F32097134700813B39 /* AppDelegate.swift in Sources */ = {isa = PBXBuildFile; fileRef = B23598F22097134700813B39 /* AppDelegate.swift */; };
		B23598F52097134700813B39 /* ViewController.swift in Sources */ = {isa = PBXBuildFile; fileRef = B23598F42097134700813B39 /* ViewController.swift */; };
		B23598F82097134700813B39 /* Main.storyboard in Resources */ = {isa = PBXBuildFile; fileRef = B23598F62097134700813B39 /* Main.storyboard */; };
		B23598FA2097134800813B39 /* Assets.xcassets in Resources */ = {isa = PBXBuildFile; fileRef = B23598F92097134800813B39 /* Assets.xcassets */; };
		B23598FD2097134800813B39 /* LaunchScreen.storyboard in Resources */ = {isa = PBXBuildFile; fileRef = B23598FB2097134800813B39 /* LaunchScreen.storyboard */; };
		B2B60677209715D6005A43D4 /* LogoView.swift in Sources */ = {isa = PBXBuildFile; fileRef = B2B60676209715D6005A43D4 /* LogoView.swift */; };
		B2B6067920972343005A43D4 /* ScanButton.swift in Sources */ = {isa = PBXBuildFile; fileRef = B2B6067820972343005A43D4 /* ScanButton.swift */; };
		B2B6067B20978DB8005A43D4 /* EditButton.swift in Sources */ = {isa = PBXBuildFile; fileRef = B2B6067A20978DB8005A43D4 /* EditButton.swift */; };
		B2B6067D20985A3C005A43D4 /* IconButton.swift in Sources */ = {isa = PBXBuildFile; fileRef = B2B6067C20985A3C005A43D4 /* IconButton.swift */; };
/* End PBXBuildFile section */

/* Begin PBXFileReference section */
		229B7B202170D5E700619215 /* Bundle+UserActivityIdentifier.swift */ = {isa = PBXFileReference; lastKnownFileType = sourcecode.swift; path = "Bundle+UserActivityIdentifier.swift"; sourceTree = "<group>"; };
		22CF73BE216777DE008C9FEB /* Intents.framework */ = {isa = PBXFileReference; lastKnownFileType = wrapper.framework; name = Intents.framework; path = System/Library/Frameworks/Intents.framework; sourceTree = SDKROOT; };
		22D8225221676AE90035206F /* DocumentScannerApp.entitlements */ = {isa = PBXFileReference; lastKnownFileType = text.plist.entitlements; path = DocumentScannerApp.entitlements; sourceTree = "<group>"; };
		91CD6F12F8CED7AD02974558 /* Pods-YesWeScanExampleApp.debug.xcconfig */ = {isa = PBXFileReference; includeInIndex = 1; lastKnownFileType = text.xcconfig; name = "Pods-YesWeScanExampleApp.debug.xcconfig"; path = "Pods/Target Support Files/Pods-YesWeScanExampleApp/Pods-YesWeScanExampleApp.debug.xcconfig"; sourceTree = "<group>"; };
		B23598EF2097134700813B39 /* YesWeScanExampleApp.app */ = {isa = PBXFileReference; explicitFileType = wrapper.application; includeInIndex = 0; path = YesWeScanExampleApp.app; sourceTree = BUILT_PRODUCTS_DIR; };
		B23598F22097134700813B39 /* AppDelegate.swift */ = {isa = PBXFileReference; lastKnownFileType = sourcecode.swift; path = AppDelegate.swift; sourceTree = "<group>"; };
		B23598F42097134700813B39 /* ViewController.swift */ = {isa = PBXFileReference; lastKnownFileType = sourcecode.swift; path = ViewController.swift; sourceTree = "<group>"; };
		B23598F72097134700813B39 /* Base */ = {isa = PBXFileReference; lastKnownFileType = file.storyboard; name = Base; path = Base.lproj/Main.storyboard; sourceTree = "<group>"; };
		B23598F92097134800813B39 /* Assets.xcassets */ = {isa = PBXFileReference; lastKnownFileType = folder.assetcatalog; path = Assets.xcassets; sourceTree = "<group>"; };
		B23598FC2097134800813B39 /* Base */ = {isa = PBXFileReference; lastKnownFileType = file.storyboard; name = Base; path = Base.lproj/LaunchScreen.storyboard; sourceTree = "<group>"; };
		B23598FE2097134800813B39 /* Info.plist */ = {isa = PBXFileReference; lastKnownFileType = text.plist.xml; path = Info.plist; sourceTree = "<group>"; };
		B2B60676209715D6005A43D4 /* LogoView.swift */ = {isa = PBXFileReference; lastKnownFileType = sourcecode.swift; path = LogoView.swift; sourceTree = "<group>"; };
		B2B6067820972343005A43D4 /* ScanButton.swift */ = {isa = PBXFileReference; lastKnownFileType = sourcecode.swift; path = ScanButton.swift; sourceTree = "<group>"; };
		B2B6067A20978DB8005A43D4 /* EditButton.swift */ = {isa = PBXFileReference; lastKnownFileType = sourcecode.swift; path = EditButton.swift; sourceTree = "<group>"; };
		B2B6067C20985A3C005A43D4 /* IconButton.swift */ = {isa = PBXFileReference; lastKnownFileType = sourcecode.swift; path = IconButton.swift; sourceTree = "<group>"; };
		E60EE8199ED1842AD9BF4CCF /* Pods-YesWeScanExampleApp.release.xcconfig */ = {isa = PBXFileReference; includeInIndex = 1; lastKnownFileType = text.xcconfig; name = "Pods-YesWeScanExampleApp.release.xcconfig"; path = "Pods/Target Support Files/Pods-YesWeScanExampleApp/Pods-YesWeScanExampleApp.release.xcconfig"; sourceTree = "<group>"; };
		F337E1B4DB2217E8FBAF8016 /* Pods_YesWeScanExampleApp.framework */ = {isa = PBXFileReference; explicitFileType = wrapper.framework; includeInIndex = 0; path = Pods_YesWeScanExampleApp.framework; sourceTree = BUILT_PRODUCTS_DIR; };
/* End PBXFileReference section */

/* Begin PBXFrameworksBuildPhase section */
		B23598EC2097134700813B39 /* Frameworks */ = {
			isa = PBXFrameworksBuildPhase;
			buildActionMask = 2147483647;
			files = (
				AB100DEAC71BE98E3B0188D0 /* Pods_YesWeScanExampleApp.framework in Frameworks */,
			);
			runOnlyForDeploymentPostprocessing = 0;
		};
/* End PBXFrameworksBuildPhase section */

/* Begin PBXGroup section */
		2227BFDF30B537CBFED6EEFB /* Pods */ = {
			isa = PBXGroup;
			children = (
				91CD6F12F8CED7AD02974558 /* Pods-YesWeScanExampleApp.debug.xcconfig */,
				E60EE8199ED1842AD9BF4CCF /* Pods-YesWeScanExampleApp.release.xcconfig */,
			);
			name = Pods;
			sourceTree = "<group>";
		};
		A8D0652F25346879B92BA74B /* Frameworks */ = {
			isa = PBXGroup;
			children = (
				22CF73BE216777DE008C9FEB /* Intents.framework */,
				F337E1B4DB2217E8FBAF8016 /* Pods_YesWeScanExampleApp.framework */,
			);
			name = Frameworks;
			sourceTree = "<group>";
		};
		B23598E62097134700813B39 = {
			isa = PBXGroup;
			children = (
				B23598F12097134700813B39 /* YesWeScanExampleApp */,
				B23598F02097134700813B39 /* Products */,
				A8D0652F25346879B92BA74B /* Frameworks */,
				2227BFDF30B537CBFED6EEFB /* Pods */,
			);
			sourceTree = "<group>";
		};
		B23598F02097134700813B39 /* Products */ = {
			isa = PBXGroup;
			children = (
				B23598EF2097134700813B39 /* YesWeScanExampleApp.app */,
			);
			name = Products;
			sourceTree = "<group>";
		};
		B23598F12097134700813B39 /* YesWeScanExampleApp */ = {
			isa = PBXGroup;
			children = (
				22D8225221676AE90035206F /* DocumentScannerApp.entitlements */,
				B2B60675209715C0005A43D4 /* Views */,
				B23598F22097134700813B39 /* AppDelegate.swift */,
				B23598F42097134700813B39 /* ViewController.swift */,
				229B7B202170D5E700619215 /* Bundle+UserActivityIdentifier.swift */,
				B23598F62097134700813B39 /* Main.storyboard */,
				B23598F92097134800813B39 /* Assets.xcassets */,
				B23598FB2097134800813B39 /* LaunchScreen.storyboard */,
				B23598FE2097134800813B39 /* Info.plist */,
			);
			path = YesWeScanExampleApp;
			sourceTree = "<group>";
		};
		B2B60675209715C0005A43D4 /* Views */ = {
			isa = PBXGroup;
			children = (
				B2B60676209715D6005A43D4 /* LogoView.swift */,
				B2B6067C20985A3C005A43D4 /* IconButton.swift */,
				B2B6067820972343005A43D4 /* ScanButton.swift */,
				B2B6067A20978DB8005A43D4 /* EditButton.swift */,
			);
			path = Views;
			sourceTree = "<group>";
		};
/* End PBXGroup section */

/* Begin PBXNativeTarget section */
		B23598EE2097134700813B39 /* YesWeScanExampleApp */ = {
			isa = PBXNativeTarget;
			buildConfigurationList = B235990C2097134800813B39 /* Build configuration list for PBXNativeTarget "YesWeScanExampleApp" */;
			buildPhases = (
				3BDA6D2F0811025CE021A606 /* [CP] Check Pods Manifest.lock */,
				B23598EB2097134700813B39 /* Sources */,
				B23598EC2097134700813B39 /* Frameworks */,
				B23598ED2097134700813B39 /* Resources */,
				3F78FA2520A1958B005B2C85 /* swiftlint */,
				830ACD1F9ADE9ED8F15655DD /* [CP] Embed Pods Frameworks */,
			);
			buildRules = (
			);
			dependencies = (
			);
			name = YesWeScanExampleApp;
			productName = DocumentScannerApp;
			productReference = B23598EF2097134700813B39 /* YesWeScanExampleApp.app */;
			productType = "com.apple.product-type.application";
		};
/* End PBXNativeTarget section */

/* Begin PBXProject section */
		B23598E72097134700813B39 /* Project object */ = {
			isa = PBXProject;
			attributes = {
				LastSwiftUpdateCheck = 0930;
				LastUpgradeCheck = 0930;
				ORGANIZATIONNAME = "adorsys GmbH & Co KG";
				TargetAttributes = {
					B23598EE2097134700813B39 = {
						CreatedOnToolsVersion = 9.3;
						LastSwiftMigration = 1000;
						SystemCapabilities = {
							com.apple.Siri = {
								enabled = 1;
							};
						};
					};
				};
			};
			buildConfigurationList = B23598EA2097134700813B39 /* Build configuration list for PBXProject "YesWeScanExampleApp" */;
			compatibilityVersion = "Xcode 9.3";
			developmentRegion = en;
			hasScannedForEncodings = 0;
			knownRegions = (
				en,
				Base,
			);
			mainGroup = B23598E62097134700813B39;
			productRefGroup = B23598F02097134700813B39 /* Products */;
			projectDirPath = "";
			projectRoot = "";
			targets = (
				B23598EE2097134700813B39 /* YesWeScanExampleApp */,
			);
		};
/* End PBXProject section */

/* Begin PBXResourcesBuildPhase section */
		B23598ED2097134700813B39 /* Resources */ = {
			isa = PBXResourcesBuildPhase;
			buildActionMask = 2147483647;
			files = (
				B23598FD2097134800813B39 /* LaunchScreen.storyboard in Resources */,
				B23598FA2097134800813B39 /* Assets.xcassets in Resources */,
				B23598F82097134700813B39 /* Main.storyboard in Resources */,
			);
			runOnlyForDeploymentPostprocessing = 0;
		};
/* End PBXResourcesBuildPhase section */

/* Begin PBXShellScriptBuildPhase section */
		3BDA6D2F0811025CE021A606 /* [CP] Check Pods Manifest.lock */ = {
			isa = PBXShellScriptBuildPhase;
			buildActionMask = 2147483647;
			files = (
			);
			inputFileListPaths = (
			);
			inputPaths = (
				"${PODS_PODFILE_DIR_PATH}/Podfile.lock",
				"${PODS_ROOT}/Manifest.lock",
			);
			name = "[CP] Check Pods Manifest.lock";
			outputFileListPaths = (
			);
			outputPaths = (
				"$(DERIVED_FILE_DIR)/Pods-YesWeScanExampleApp-checkManifestLockResult.txt",
			);
			runOnlyForDeploymentPostprocessing = 0;
			shellPath = /bin/sh;
			shellScript = "diff \"${PODS_PODFILE_DIR_PATH}/Podfile.lock\" \"${PODS_ROOT}/Manifest.lock\" > /dev/null\nif [ $? != 0 ] ; then\n    # print error to STDERR\n    echo \"error: The sandbox is not in sync with the Podfile.lock. Run 'pod install' or update your CocoaPods installation.\" >&2\n    exit 1\nfi\n# This output is used by Xcode 'outputs' to avoid re-running this script phase.\necho \"SUCCESS\" > \"${SCRIPT_OUTPUT_FILE_0}\"\n";
			showEnvVarsInLog = 0;
		};
		3F78FA2520A1958B005B2C85 /* swiftlint */ = {
			isa = PBXShellScriptBuildPhase;
			buildActionMask = 2147483647;
			files = (
			);
			inputPaths = (
			);
			name = swiftlint;
			outputPaths = (
			);
			runOnlyForDeploymentPostprocessing = 0;
			shellPath = /bin/sh;
			shellScript = "\"${PODS_ROOT}/SwiftLint/swiftlint\" autocorrect --config .swiftlint.yml\n\"${PODS_ROOT}/SwiftLint/swiftlint\" lint --config .swiftlint.yml\n";
		};
		830ACD1F9ADE9ED8F15655DD /* [CP] Embed Pods Frameworks */ = {
			isa = PBXShellScriptBuildPhase;
			buildActionMask = 2147483647;
			files = (
			);
			inputFileListPaths = (
			);
			inputPaths = (
				"${PODS_ROOT}/Target Support Files/Pods-YesWeScanExampleApp/Pods-YesWeScanExampleApp-frameworks.sh",
				"${BUILT_PRODUCTS_DIR}/TOCropViewController/TOCropViewController.framework",
				"${BUILT_PRODUCTS_DIR}/YesWeScan/YesWeScan.framework",
			);
			name = "[CP] Embed Pods Frameworks";
			outputFileListPaths = (
			);
			outputPaths = (
				"${TARGET_BUILD_DIR}/${FRAMEWORKS_FOLDER_PATH}/TOCropViewController.framework",
				"${TARGET_BUILD_DIR}/${FRAMEWORKS_FOLDER_PATH}/YesWeScan.framework",
			);
			runOnlyForDeploymentPostprocessing = 0;
			shellPath = /bin/sh;
			shellScript = "\"${PODS_ROOT}/Target Support Files/Pods-YesWeScanExampleApp/Pods-YesWeScanExampleApp-frameworks.sh\"\n";
			showEnvVarsInLog = 0;
		};
/* End PBXShellScriptBuildPhase section */

/* Begin PBXSourcesBuildPhase section */
		B23598EB2097134700813B39 /* Sources */ = {
			isa = PBXSourcesBuildPhase;
			buildActionMask = 2147483647;
			files = (
				B2B6067D20985A3C005A43D4 /* IconButton.swift in Sources */,
				B2B6067B20978DB8005A43D4 /* EditButton.swift in Sources */,
				B2B6067920972343005A43D4 /* ScanButton.swift in Sources */,
				B23598F52097134700813B39 /* ViewController.swift in Sources */,
				229B7B212170D5E700619215 /* Bundle+UserActivityIdentifier.swift in Sources */,
				B2B60677209715D6005A43D4 /* LogoView.swift in Sources */,
				B23598F32097134700813B39 /* AppDelegate.swift in Sources */,
			);
			runOnlyForDeploymentPostprocessing = 0;
		};
/* End PBXSourcesBuildPhase section */

/* Begin PBXVariantGroup section */
		B23598F62097134700813B39 /* Main.storyboard */ = {
			isa = PBXVariantGroup;
			children = (
				B23598F72097134700813B39 /* Base */,
			);
			name = Main.storyboard;
			sourceTree = "<group>";
		};
		B23598FB2097134800813B39 /* LaunchScreen.storyboard */ = {
			isa = PBXVariantGroup;
			children = (
				B23598FC2097134800813B39 /* Base */,
			);
			name = LaunchScreen.storyboard;
			sourceTree = "<group>";
		};
/* End PBXVariantGroup section */

/* Begin XCBuildConfiguration section */
		B235990A2097134800813B39 /* Debug */ = {
			isa = XCBuildConfiguration;
			buildSettings = {
				ALWAYS_SEARCH_USER_PATHS = NO;
				CLANG_ANALYZER_NONNULL = YES;
				CLANG_ANALYZER_NUMBER_OBJECT_CONVERSION = YES_AGGRESSIVE;
				CLANG_CXX_LANGUAGE_STANDARD = "gnu++14";
				CLANG_CXX_LIBRARY = "libc++";
				CLANG_ENABLE_MODULES = YES;
				CLANG_ENABLE_OBJC_ARC = YES;
				CLANG_ENABLE_OBJC_WEAK = YES;
				CLANG_WARN_BLOCK_CAPTURE_AUTORELEASING = YES;
				CLANG_WARN_BOOL_CONVERSION = YES;
				CLANG_WARN_COMMA = YES;
				CLANG_WARN_CONSTANT_CONVERSION = YES;
				CLANG_WARN_DEPRECATED_OBJC_IMPLEMENTATIONS = YES;
				CLANG_WARN_DIRECT_OBJC_ISA_USAGE = YES_ERROR;
				CLANG_WARN_DOCUMENTATION_COMMENTS = YES;
				CLANG_WARN_EMPTY_BODY = YES;
				CLANG_WARN_ENUM_CONVERSION = YES;
				CLANG_WARN_INFINITE_RECURSION = YES;
				CLANG_WARN_INT_CONVERSION = YES;
				CLANG_WARN_NON_LITERAL_NULL_CONVERSION = YES;
				CLANG_WARN_OBJC_IMPLICIT_RETAIN_SELF = YES;
				CLANG_WARN_OBJC_LITERAL_CONVERSION = YES;
				CLANG_WARN_OBJC_ROOT_CLASS = YES_ERROR;
				CLANG_WARN_RANGE_LOOP_ANALYSIS = YES;
				CLANG_WARN_STRICT_PROTOTYPES = YES;
				CLANG_WARN_SUSPICIOUS_MOVE = YES;
				CLANG_WARN_UNGUARDED_AVAILABILITY = YES_AGGRESSIVE;
				CLANG_WARN_UNREACHABLE_CODE = YES;
				CLANG_WARN__DUPLICATE_METHOD_MATCH = YES;
				CODE_SIGN_IDENTITY = "iPhone Developer";
				COPY_PHASE_STRIP = NO;
				DEBUG_INFORMATION_FORMAT = dwarf;
				ENABLE_STRICT_OBJC_MSGSEND = YES;
				ENABLE_TESTABILITY = YES;
				GCC_C_LANGUAGE_STANDARD = gnu11;
				GCC_DYNAMIC_NO_PIC = NO;
				GCC_NO_COMMON_BLOCKS = YES;
				GCC_OPTIMIZATION_LEVEL = 0;
				GCC_PREPROCESSOR_DEFINITIONS = (
					"DEBUG=1",
					"$(inherited)",
				);
				GCC_WARN_64_TO_32_BIT_CONVERSION = YES;
				GCC_WARN_ABOUT_RETURN_TYPE = YES_ERROR;
				GCC_WARN_UNDECLARED_SELECTOR = YES;
				GCC_WARN_UNINITIALIZED_AUTOS = YES_AGGRESSIVE;
				GCC_WARN_UNUSED_FUNCTION = YES;
				GCC_WARN_UNUSED_VARIABLE = YES;
				IPHONEOS_DEPLOYMENT_TARGET = 10.0;
				MTL_ENABLE_DEBUG_INFO = YES;
				ONLY_ACTIVE_ARCH = YES;
				SDKROOT = iphoneos;
				SWIFT_ACTIVE_COMPILATION_CONDITIONS = DEBUG;
				SWIFT_OPTIMIZATION_LEVEL = "-Onone";
			};
			name = Debug;
		};
		B235990B2097134800813B39 /* Release */ = {
			isa = XCBuildConfiguration;
			buildSettings = {
				ALWAYS_SEARCH_USER_PATHS = NO;
				CLANG_ANALYZER_NONNULL = YES;
				CLANG_ANALYZER_NUMBER_OBJECT_CONVERSION = YES_AGGRESSIVE;
				CLANG_CXX_LANGUAGE_STANDARD = "gnu++14";
				CLANG_CXX_LIBRARY = "libc++";
				CLANG_ENABLE_MODULES = YES;
				CLANG_ENABLE_OBJC_ARC = YES;
				CLANG_ENABLE_OBJC_WEAK = YES;
				CLANG_WARN_BLOCK_CAPTURE_AUTORELEASING = YES;
				CLANG_WARN_BOOL_CONVERSION = YES;
				CLANG_WARN_COMMA = YES;
				CLANG_WARN_CONSTANT_CONVERSION = YES;
				CLANG_WARN_DEPRECATED_OBJC_IMPLEMENTATIONS = YES;
				CLANG_WARN_DIRECT_OBJC_ISA_USAGE = YES_ERROR;
				CLANG_WARN_DOCUMENTATION_COMMENTS = YES;
				CLANG_WARN_EMPTY_BODY = YES;
				CLANG_WARN_ENUM_CONVERSION = YES;
				CLANG_WARN_INFINITE_RECURSION = YES;
				CLANG_WARN_INT_CONVERSION = YES;
				CLANG_WARN_NON_LITERAL_NULL_CONVERSION = YES;
				CLANG_WARN_OBJC_IMPLICIT_RETAIN_SELF = YES;
				CLANG_WARN_OBJC_LITERAL_CONVERSION = YES;
				CLANG_WARN_OBJC_ROOT_CLASS = YES_ERROR;
				CLANG_WARN_RANGE_LOOP_ANALYSIS = YES;
				CLANG_WARN_STRICT_PROTOTYPES = YES;
				CLANG_WARN_SUSPICIOUS_MOVE = YES;
				CLANG_WARN_UNGUARDED_AVAILABILITY = YES_AGGRESSIVE;
				CLANG_WARN_UNREACHABLE_CODE = YES;
				CLANG_WARN__DUPLICATE_METHOD_MATCH = YES;
				CODE_SIGN_IDENTITY = "iPhone Developer";
				COPY_PHASE_STRIP = NO;
				DEBUG_INFORMATION_FORMAT = "dwarf-with-dsym";
				ENABLE_NS_ASSERTIONS = NO;
				ENABLE_STRICT_OBJC_MSGSEND = YES;
				GCC_C_LANGUAGE_STANDARD = gnu11;
				GCC_NO_COMMON_BLOCKS = YES;
				GCC_WARN_64_TO_32_BIT_CONVERSION = YES;
				GCC_WARN_ABOUT_RETURN_TYPE = YES_ERROR;
				GCC_WARN_UNDECLARED_SELECTOR = YES;
				GCC_WARN_UNINITIALIZED_AUTOS = YES_AGGRESSIVE;
				GCC_WARN_UNUSED_FUNCTION = YES;
				GCC_WARN_UNUSED_VARIABLE = YES;
				IPHONEOS_DEPLOYMENT_TARGET = 10.0;
				MTL_ENABLE_DEBUG_INFO = NO;
				SDKROOT = iphoneos;
				SWIFT_COMPILATION_MODE = wholemodule;
				SWIFT_OPTIMIZATION_LEVEL = "-O";
				VALIDATE_PRODUCT = YES;
			};
			name = Release;
		};
		B235990D2097134800813B39 /* Debug */ = {
			isa = XCBuildConfiguration;
			baseConfigurationReference = 91CD6F12F8CED7AD02974558 /* Pods-YesWeScanExampleApp.debug.xcconfig */;
			buildSettings = {
				ASSETCATALOG_COMPILER_APPICON_NAME = AppIcon;
				CODE_SIGN_ENTITLEMENTS = YesWeScanExampleApp/DocumentScannerApp.entitlements;
				CODE_SIGN_STYLE = Automatic;
				DEVELOPMENT_TEAM = FCNMCC2Y82;
				INFOPLIST_FILE = YesWeScanExampleApp/Info.plist;
				IPHONEOS_DEPLOYMENT_TARGET = 10.0;
				LD_RUNPATH_SEARCH_PATHS = (
					"$(inherited)",
					"@executable_path/Frameworks",
				);
				PRODUCT_BUNDLE_IDENTIFIER = de.adorsys.DocumentScannerApp;
				PRODUCT_NAME = "$(TARGET_NAME)";
				SWIFT_VERSION = 4.2;
				TARGETED_DEVICE_FAMILY = 1;
			};
			name = Debug;
		};
		B235990E2097134800813B39 /* Release */ = {
			isa = XCBuildConfiguration;
			baseConfigurationReference = E60EE8199ED1842AD9BF4CCF /* Pods-YesWeScanExampleApp.release.xcconfig */;
			buildSettings = {
				ASSETCATALOG_COMPILER_APPICON_NAME = AppIcon;
				CODE_SIGN_ENTITLEMENTS = YesWeScanExampleApp/DocumentScannerApp.entitlements;
				CODE_SIGN_STYLE = Automatic;
				DEVELOPMENT_TEAM = FCNMCC2Y82;
				INFOPLIST_FILE = YesWeScanExampleApp/Info.plist;
				IPHONEOS_DEPLOYMENT_TARGET = 10.0;
				LD_RUNPATH_SEARCH_PATHS = (
					"$(inherited)",
					"@executable_path/Frameworks",
				);
				PRODUCT_BUNDLE_IDENTIFIER = de.adorsys.DocumentScannerApp;
				PRODUCT_NAME = "$(TARGET_NAME)";
				SWIFT_VERSION = 4.2;
				TARGETED_DEVICE_FAMILY = 1;
			};
			name = Release;
		};
/* End XCBuildConfiguration section */

/* Begin XCConfigurationList section */
		B23598EA2097134700813B39 /* Build configuration list for PBXProject "YesWeScanExampleApp" */ = {
			isa = XCConfigurationList;
			buildConfigurations = (
				B235990A2097134800813B39 /* Debug */,
				B235990B2097134800813B39 /* Release */,
			);
			defaultConfigurationIsVisible = 0;
			defaultConfigurationName = Release;
		};
		B235990C2097134800813B39 /* Build configuration list for PBXNativeTarget "YesWeScanExampleApp" */ = {
			isa = XCConfigurationList;
			buildConfigurations = (
				B235990D2097134800813B39 /* Debug */,
				B235990E2097134800813B39 /* Release */,
			);
			defaultConfigurationIsVisible = 0;
			defaultConfigurationName = Release;
		};
/* End XCConfigurationList section */
	};
	rootObject = B23598E72097134700813B39 /* Project object */;
}
