// !$*UTF8*$!
{
	archiveVersion = 1;
	classes = {
	};
	objectVersion = 50;
	objects = {

/* Begin PBXBuildFile section */
		A3D534E756D17C59603E71CC /* Pods_DocumentScannerAppTests.framework in Frameworks */ = {isa = PBXBuildFile; fileRef = FF7AB44AFDCDC6FAECADE10F /* Pods_DocumentScannerAppTests.framework */; };
		B23598F32097134700813B39 /* AppDelegate.swift in Sources */ = {isa = PBXBuildFile; fileRef = B23598F22097134700813B39 /* AppDelegate.swift */; };
		B23598F52097134700813B39 /* ViewController.swift in Sources */ = {isa = PBXBuildFile; fileRef = B23598F42097134700813B39 /* ViewController.swift */; };
		B23598F82097134700813B39 /* Main.storyboard in Resources */ = {isa = PBXBuildFile; fileRef = B23598F62097134700813B39 /* Main.storyboard */; };
		B23598FA2097134800813B39 /* Assets.xcassets in Resources */ = {isa = PBXBuildFile; fileRef = B23598F92097134800813B39 /* Assets.xcassets */; };
		B23598FD2097134800813B39 /* LaunchScreen.storyboard in Resources */ = {isa = PBXBuildFile; fileRef = B23598FB2097134800813B39 /* LaunchScreen.storyboard */; };
		B23599082097134800813B39 /* DocumentScannerAppTests.swift in Sources */ = {isa = PBXBuildFile; fileRef = B23599072097134800813B39 /* DocumentScannerAppTests.swift */; };
		B2B60677209715D6005A43D4 /* LogoView.swift in Sources */ = {isa = PBXBuildFile; fileRef = B2B60676209715D6005A43D4 /* LogoView.swift */; };
		B2B6067920972343005A43D4 /* ScanButton.swift in Sources */ = {isa = PBXBuildFile; fileRef = B2B6067820972343005A43D4 /* ScanButton.swift */; };
		B2B6067B20978DB8005A43D4 /* EditButton.swift in Sources */ = {isa = PBXBuildFile; fileRef = B2B6067A20978DB8005A43D4 /* EditButton.swift */; };
		B2B6067D20985A3C005A43D4 /* IconButton.swift in Sources */ = {isa = PBXBuildFile; fileRef = B2B6067C20985A3C005A43D4 /* IconButton.swift */; };
		C584DDBD81B6A70B9CDA60E0 /* Pods_DocumentScannerApp.framework in Frameworks */ = {isa = PBXBuildFile; fileRef = 5603B8B2D3724D5A6B2F17CE /* Pods_DocumentScannerApp.framework */; };
/* End PBXBuildFile section */

/* Begin PBXContainerItemProxy section */
		B23599042097134800813B39 /* PBXContainerItemProxy */ = {
			isa = PBXContainerItemProxy;
			containerPortal = B23598E72097134700813B39 /* Project object */;
			proxyType = 1;
			remoteGlobalIDString = B23598EE2097134700813B39;
			remoteInfo = DocumentScannerApp;
		};
/* End PBXContainerItemProxy section */

/* Begin PBXFileReference section */
		051A466FCEA0595AB7387809 /* Pods-DocumentScannerAppTests.release.xcconfig */ = {isa = PBXFileReference; includeInIndex = 1; lastKnownFileType = text.xcconfig; name = "Pods-DocumentScannerAppTests.release.xcconfig"; path = "Pods/Target Support Files/Pods-DocumentScannerAppTests/Pods-DocumentScannerAppTests.release.xcconfig"; sourceTree = "<group>"; };
		0535FB8FDBA0EF87ADC74B50 /* Pods-DocumentScannerApp.debug.xcconfig */ = {isa = PBXFileReference; includeInIndex = 1; lastKnownFileType = text.xcconfig; name = "Pods-DocumentScannerApp.debug.xcconfig"; path = "Pods/Target Support Files/Pods-DocumentScannerApp/Pods-DocumentScannerApp.debug.xcconfig"; sourceTree = "<group>"; };
		22CF73BE216777DE008C9FEB /* Intents.framework */ = {isa = PBXFileReference; lastKnownFileType = wrapper.framework; name = Intents.framework; path = System/Library/Frameworks/Intents.framework; sourceTree = SDKROOT; };
		22D8225221676AE90035206F /* DocumentScannerApp.entitlements */ = {isa = PBXFileReference; lastKnownFileType = text.plist.entitlements; path = DocumentScannerApp.entitlements; sourceTree = "<group>"; };
		5603B8B2D3724D5A6B2F17CE /* Pods_DocumentScannerApp.framework */ = {isa = PBXFileReference; explicitFileType = wrapper.framework; includeInIndex = 0; path = Pods_DocumentScannerApp.framework; sourceTree = BUILT_PRODUCTS_DIR; };
		7CA39DBC699FA54880710F8F /* Pods-DocumentScannerApp.release.xcconfig */ = {isa = PBXFileReference; includeInIndex = 1; lastKnownFileType = text.xcconfig; name = "Pods-DocumentScannerApp.release.xcconfig"; path = "Pods/Target Support Files/Pods-DocumentScannerApp/Pods-DocumentScannerApp.release.xcconfig"; sourceTree = "<group>"; };
		B23598EF2097134700813B39 /* DocumentScannerApp.app */ = {isa = PBXFileReference; explicitFileType = wrapper.application; includeInIndex = 0; path = DocumentScannerApp.app; sourceTree = BUILT_PRODUCTS_DIR; };
		B23598F22097134700813B39 /* AppDelegate.swift */ = {isa = PBXFileReference; lastKnownFileType = sourcecode.swift; path = AppDelegate.swift; sourceTree = "<group>"; };
		B23598F42097134700813B39 /* ViewController.swift */ = {isa = PBXFileReference; lastKnownFileType = sourcecode.swift; path = ViewController.swift; sourceTree = "<group>"; };
		B23598F72097134700813B39 /* Base */ = {isa = PBXFileReference; lastKnownFileType = file.storyboard; name = Base; path = Base.lproj/Main.storyboard; sourceTree = "<group>"; };
		B23598F92097134800813B39 /* Assets.xcassets */ = {isa = PBXFileReference; lastKnownFileType = folder.assetcatalog; path = Assets.xcassets; sourceTree = "<group>"; };
		B23598FC2097134800813B39 /* Base */ = {isa = PBXFileReference; lastKnownFileType = file.storyboard; name = Base; path = Base.lproj/LaunchScreen.storyboard; sourceTree = "<group>"; };
		B23598FE2097134800813B39 /* Info.plist */ = {isa = PBXFileReference; lastKnownFileType = text.plist.xml; path = Info.plist; sourceTree = "<group>"; };
		B23599032097134800813B39 /* DocumentScannerAppTests.xctest */ = {isa = PBXFileReference; explicitFileType = wrapper.cfbundle; includeInIndex = 0; path = DocumentScannerAppTests.xctest; sourceTree = BUILT_PRODUCTS_DIR; };
		B23599072097134800813B39 /* DocumentScannerAppTests.swift */ = {isa = PBXFileReference; lastKnownFileType = sourcecode.swift; path = DocumentScannerAppTests.swift; sourceTree = "<group>"; };
		B23599092097134800813B39 /* Info.plist */ = {isa = PBXFileReference; lastKnownFileType = text.plist.xml; path = Info.plist; sourceTree = "<group>"; };
		B2B60676209715D6005A43D4 /* LogoView.swift */ = {isa = PBXFileReference; lastKnownFileType = sourcecode.swift; path = LogoView.swift; sourceTree = "<group>"; };
		B2B6067820972343005A43D4 /* ScanButton.swift */ = {isa = PBXFileReference; lastKnownFileType = sourcecode.swift; path = ScanButton.swift; sourceTree = "<group>"; };
		B2B6067A20978DB8005A43D4 /* EditButton.swift */ = {isa = PBXFileReference; lastKnownFileType = sourcecode.swift; path = EditButton.swift; sourceTree = "<group>"; };
		B2B6067C20985A3C005A43D4 /* IconButton.swift */ = {isa = PBXFileReference; lastKnownFileType = sourcecode.swift; path = IconButton.swift; sourceTree = "<group>"; };
		FA9EC9A9A578142338412FCC /* Pods-DocumentScannerAppTests.debug.xcconfig */ = {isa = PBXFileReference; includeInIndex = 1; lastKnownFileType = text.xcconfig; name = "Pods-DocumentScannerAppTests.debug.xcconfig"; path = "Pods/Target Support Files/Pods-DocumentScannerAppTests/Pods-DocumentScannerAppTests.debug.xcconfig"; sourceTree = "<group>"; };
		FF7AB44AFDCDC6FAECADE10F /* Pods_DocumentScannerAppTests.framework */ = {isa = PBXFileReference; explicitFileType = wrapper.framework; includeInIndex = 0; path = Pods_DocumentScannerAppTests.framework; sourceTree = BUILT_PRODUCTS_DIR; };
/* End PBXFileReference section */

/* Begin PBXFrameworksBuildPhase section */
		B23598EC2097134700813B39 /* Frameworks */ = {
			isa = PBXFrameworksBuildPhase;
			buildActionMask = 2147483647;
			files = (
				C584DDBD81B6A70B9CDA60E0 /* Pods_DocumentScannerApp.framework in Frameworks */,
			);
			runOnlyForDeploymentPostprocessing = 0;
		};
		B23599002097134800813B39 /* Frameworks */ = {
			isa = PBXFrameworksBuildPhase;
			buildActionMask = 2147483647;
			files = (
				A3D534E756D17C59603E71CC /* Pods_DocumentScannerAppTests.framework in Frameworks */,
			);
			runOnlyForDeploymentPostprocessing = 0;
		};
/* End PBXFrameworksBuildPhase section */

/* Begin PBXGroup section */
		96DF4E0589AA15D0584B73D7 /* Pods */ = {
			isa = PBXGroup;
			children = (
				0535FB8FDBA0EF87ADC74B50 /* Pods-DocumentScannerApp.debug.xcconfig */,
				7CA39DBC699FA54880710F8F /* Pods-DocumentScannerApp.release.xcconfig */,
				FA9EC9A9A578142338412FCC /* Pods-DocumentScannerAppTests.debug.xcconfig */,
				051A466FCEA0595AB7387809 /* Pods-DocumentScannerAppTests.release.xcconfig */,
			);
			name = Pods;
			sourceTree = "<group>";
		};
		A8D0652F25346879B92BA74B /* Frameworks */ = {
			isa = PBXGroup;
			children = (
				22CF73BE216777DE008C9FEB /* Intents.framework */,
				5603B8B2D3724D5A6B2F17CE /* Pods_DocumentScannerApp.framework */,
				FF7AB44AFDCDC6FAECADE10F /* Pods_DocumentScannerAppTests.framework */,
			);
			name = Frameworks;
			sourceTree = "<group>";
		};
		B23598E62097134700813B39 = {
			isa = PBXGroup;
			children = (
				B23598F12097134700813B39 /* DocumentScannerApp */,
				B23599062097134800813B39 /* DocumentScannerAppTests */,
				B23598F02097134700813B39 /* Products */,
				96DF4E0589AA15D0584B73D7 /* Pods */,
				A8D0652F25346879B92BA74B /* Frameworks */,
			);
			sourceTree = "<group>";
		};
		B23598F02097134700813B39 /* Products */ = {
			isa = PBXGroup;
			children = (
				B23598EF2097134700813B39 /* DocumentScannerApp.app */,
				B23599032097134800813B39 /* DocumentScannerAppTests.xctest */,
			);
			name = Products;
			sourceTree = "<group>";
		};
		B23598F12097134700813B39 /* DocumentScannerApp */ = {
			isa = PBXGroup;
			children = (
				22D8225221676AE90035206F /* DocumentScannerApp.entitlements */,
				B2B60675209715C0005A43D4 /* Views */,
				B23598F22097134700813B39 /* AppDelegate.swift */,
				B23598F42097134700813B39 /* ViewController.swift */,
				B23598F62097134700813B39 /* Main.storyboard */,
				B23598F92097134800813B39 /* Assets.xcassets */,
				B23598FB2097134800813B39 /* LaunchScreen.storyboard */,
				B23598FE2097134800813B39 /* Info.plist */,
			);
			path = DocumentScannerApp;
			sourceTree = "<group>";
		};
		B23599062097134800813B39 /* DocumentScannerAppTests */ = {
			isa = PBXGroup;
			children = (
				B23599072097134800813B39 /* DocumentScannerAppTests.swift */,
				B23599092097134800813B39 /* Info.plist */,
			);
			path = DocumentScannerAppTests;
			sourceTree = "<group>";
		};
		B2B60675209715C0005A43D4 /* Views */ = {
			isa = PBXGroup;
			children = (
				B2B60676209715D6005A43D4 /* LogoView.swift */,
				B2B6067C20985A3C005A43D4 /* IconButton.swift */,
				B2B6067820972343005A43D4 /* ScanButton.swift */,
				B2B6067A20978DB8005A43D4 /* EditButton.swift */,
			);
			path = Views;
			sourceTree = "<group>";
		};
/* End PBXGroup section */

/* Begin PBXNativeTarget section */
		B23598EE2097134700813B39 /* DocumentScannerApp */ = {
			isa = PBXNativeTarget;
			buildConfigurationList = B235990C2097134800813B39 /* Build configuration list for PBXNativeTarget "DocumentScannerApp" */;
			buildPhases = (
				57D20B3908426DAFA3D0FC5C /* [CP] Check Pods Manifest.lock */,
				B23598EB2097134700813B39 /* Sources */,
				B23598EC2097134700813B39 /* Frameworks */,
				B23598ED2097134700813B39 /* Resources */,
				EB23E47014A839E48B03EE8D /* [CP] Embed Pods Frameworks */,
				3F78FA2520A1958B005B2C85 /* swiftlint */,
			);
			buildRules = (
			);
			dependencies = (
			);
			name = DocumentScannerApp;
			productName = DocumentScannerApp;
			productReference = B23598EF2097134700813B39 /* DocumentScannerApp.app */;
			productType = "com.apple.product-type.application";
		};
		B23599022097134800813B39 /* DocumentScannerAppTests */ = {
			isa = PBXNativeTarget;
			buildConfigurationList = B235990F2097134800813B39 /* Build configuration list for PBXNativeTarget "DocumentScannerAppTests" */;
			buildPhases = (
				50022359A745DE0F2FAB0EBC /* [CP] Check Pods Manifest.lock */,
				B23598FF2097134800813B39 /* Sources */,
				B23599002097134800813B39 /* Frameworks */,
				B23599012097134800813B39 /* Resources */,
			);
			buildRules = (
			);
			dependencies = (
				B23599052097134800813B39 /* PBXTargetDependency */,
			);
			name = DocumentScannerAppTests;
			productName = DocumentScannerAppTests;
			productReference = B23599032097134800813B39 /* DocumentScannerAppTests.xctest */;
			productType = "com.apple.product-type.bundle.unit-test";
		};
/* End PBXNativeTarget section */

/* Begin PBXProject section */
		B23598E72097134700813B39 /* Project object */ = {
			isa = PBXProject;
			attributes = {
				LastSwiftUpdateCheck = 0930;
				LastUpgradeCheck = 0930;
				ORGANIZATIONNAME = "Steff Blümm";
				TargetAttributes = {
					B23598EE2097134700813B39 = {
						CreatedOnToolsVersion = 9.3;
						LastSwiftMigration = 1000;
						SystemCapabilities = {
							com.apple.Siri = {
								enabled = 1;
							};
						};
					};
					B23599022097134800813B39 = {
						CreatedOnToolsVersion = 9.3;
						LastSwiftMigration = 1000;
						TestTargetID = B23598EE2097134700813B39;
					};
				};
			};
			buildConfigurationList = B23598EA2097134700813B39 /* Build configuration list for PBXProject "DocumentScannerApp" */;
			compatibilityVersion = "Xcode 9.3";
			developmentRegion = en;
			hasScannedForEncodings = 0;
			knownRegions = (
				en,
				Base,
			);
			mainGroup = B23598E62097134700813B39;
			productRefGroup = B23598F02097134700813B39 /* Products */;
			projectDirPath = "";
			projectRoot = "";
			targets = (
				B23598EE2097134700813B39 /* DocumentScannerApp */,
				B23599022097134800813B39 /* DocumentScannerAppTests */,
			);
		};
/* End PBXProject section */

/* Begin PBXResourcesBuildPhase section */
		B23598ED2097134700813B39 /* Resources */ = {
			isa = PBXResourcesBuildPhase;
			buildActionMask = 2147483647;
			files = (
				B23598FD2097134800813B39 /* LaunchScreen.storyboard in Resources */,
				B23598FA2097134800813B39 /* Assets.xcassets in Resources */,
				B23598F82097134700813B39 /* Main.storyboard in Resources */,
			);
			runOnlyForDeploymentPostprocessing = 0;
		};
		B23599012097134800813B39 /* Resources */ = {
			isa = PBXResourcesBuildPhase;
			buildActionMask = 2147483647;
			files = (
			);
			runOnlyForDeploymentPostprocessing = 0;
		};
/* End PBXResourcesBuildPhase section */

/* Begin PBXShellScriptBuildPhase section */
		3F78FA2520A1958B005B2C85 /* swiftlint */ = {
			isa = PBXShellScriptBuildPhase;
			buildActionMask = 2147483647;
			files = (
			);
			inputPaths = (
			);
			name = swiftlint;
			outputPaths = (
			);
			runOnlyForDeploymentPostprocessing = 0;
			shellPath = /bin/sh;
			shellScript = "\"${PODS_ROOT}/SwiftLint/swiftlint\" autocorrect\n\"${PODS_ROOT}/SwiftLint/swiftlint\" lint --config .swiftlint.yml";
		};
		50022359A745DE0F2FAB0EBC /* [CP] Check Pods Manifest.lock */ = {
			isa = PBXShellScriptBuildPhase;
			buildActionMask = 2147483647;
			files = (
			);
			inputPaths = (
				"${PODS_PODFILE_DIR_PATH}/Podfile.lock",
				"${PODS_ROOT}/Manifest.lock",
			);
			name = "[CP] Check Pods Manifest.lock";
			outputPaths = (
				"$(DERIVED_FILE_DIR)/Pods-DocumentScannerAppTests-checkManifestLockResult.txt",
			);
			runOnlyForDeploymentPostprocessing = 0;
			shellPath = /bin/sh;
			shellScript = "diff \"${PODS_PODFILE_DIR_PATH}/Podfile.lock\" \"${PODS_ROOT}/Manifest.lock\" > /dev/null\nif [ $? != 0 ] ; then\n    # print error to STDERR\n    echo \"error: The sandbox is not in sync with the Podfile.lock. Run 'pod install' or update your CocoaPods installation.\" >&2\n    exit 1\nfi\n# This output is used by Xcode 'outputs' to avoid re-running this script phase.\necho \"SUCCESS\" > \"${SCRIPT_OUTPUT_FILE_0}\"\n";
			showEnvVarsInLog = 0;
		};
		57D20B3908426DAFA3D0FC5C /* [CP] Check Pods Manifest.lock */ = {
			isa = PBXShellScriptBuildPhase;
			buildActionMask = 2147483647;
			files = (
			);
			inputPaths = (
				"${PODS_PODFILE_DIR_PATH}/Podfile.lock",
				"${PODS_ROOT}/Manifest.lock",
			);
			name = "[CP] Check Pods Manifest.lock";
			outputPaths = (
				"$(DERIVED_FILE_DIR)/Pods-DocumentScannerApp-checkManifestLockResult.txt",
			);
			runOnlyForDeploymentPostprocessing = 0;
			shellPath = /bin/sh;
			shellScript = "diff \"${PODS_PODFILE_DIR_PATH}/Podfile.lock\" \"${PODS_ROOT}/Manifest.lock\" > /dev/null\nif [ $? != 0 ] ; then\n    # print error to STDERR\n    echo \"error: The sandbox is not in sync with the Podfile.lock. Run 'pod install' or update your CocoaPods installation.\" >&2\n    exit 1\nfi\n# This output is used by Xcode 'outputs' to avoid re-running this script phase.\necho \"SUCCESS\" > \"${SCRIPT_OUTPUT_FILE_0}\"\n";
			showEnvVarsInLog = 0;
		};
		EB23E47014A839E48B03EE8D /* [CP] Embed Pods Frameworks */ = {
			isa = PBXShellScriptBuildPhase;
			buildActionMask = 2147483647;
			files = (
			);
			inputPaths = (
				"${SRCROOT}/Pods/Target Support Files/Pods-DocumentScannerApp/Pods-DocumentScannerApp-frameworks.sh",
				"${BUILT_PRODUCTS_DIR}/DocumentScanner/DocumentScanner.framework",
				"${BUILT_PRODUCTS_DIR}/TOCropViewController/TOCropViewController.framework",
			);
			name = "[CP] Embed Pods Frameworks";
			outputPaths = (
				"${TARGET_BUILD_DIR}/${FRAMEWORKS_FOLDER_PATH}/DocumentScanner.framework",
				"${TARGET_BUILD_DIR}/${FRAMEWORKS_FOLDER_PATH}/TOCropViewController.framework",
			);
			runOnlyForDeploymentPostprocessing = 0;
			shellPath = /bin/sh;
			shellScript = "\"${SRCROOT}/Pods/Target Support Files/Pods-DocumentScannerApp/Pods-DocumentScannerApp-frameworks.sh\"\n";
			showEnvVarsInLog = 0;
		};
/* End PBXShellScriptBuildPhase section */

/* Begin PBXSourcesBuildPhase section */
		B23598EB2097134700813B39 /* Sources */ = {
			isa = PBXSourcesBuildPhase;
			buildActionMask = 2147483647;
			files = (
				B2B6067D20985A3C005A43D4 /* IconButton.swift in Sources */,
				B2B6067B20978DB8005A43D4 /* EditButton.swift in Sources */,
				B2B6067920972343005A43D4 /* ScanButton.swift in Sources */,
				B23598F52097134700813B39 /* ViewController.swift in Sources */,
				B2B60677209715D6005A43D4 /* LogoView.swift in Sources */,
				B23598F32097134700813B39 /* AppDelegate.swift in Sources */,
			);
			runOnlyForDeploymentPostprocessing = 0;
		};
		B23598FF2097134800813B39 /* Sources */ = {
			isa = PBXSourcesBuildPhase;
			buildActionMask = 2147483647;
			files = (
				B23599082097134800813B39 /* DocumentScannerAppTests.swift in Sources */,
			);
			runOnlyForDeploymentPostprocessing = 0;
		};
/* End PBXSourcesBuildPhase section */

/* Begin PBXTargetDependency section */
		B23599052097134800813B39 /* PBXTargetDependency */ = {
			isa = PBXTargetDependency;
			target = B23598EE2097134700813B39 /* DocumentScannerApp */;
			targetProxy = B23599042097134800813B39 /* PBXContainerItemProxy */;
		};
/* End PBXTargetDependency section */

/* Begin PBXVariantGroup section */
		B23598F62097134700813B39 /* Main.storyboard */ = {
			isa = PBXVariantGroup;
			children = (
				B23598F72097134700813B39 /* Base */,
			);
			name = Main.storyboard;
			sourceTree = "<group>";
		};
		B23598FB2097134800813B39 /* LaunchScreen.storyboard */ = {
			isa = PBXVariantGroup;
			children = (
				B23598FC2097134800813B39 /* Base */,
			);
			name = LaunchScreen.storyboard;
			sourceTree = "<group>";
		};
/* End PBXVariantGroup section */

/* Begin XCBuildConfiguration section */
		B235990A2097134800813B39 /* Debug */ = {
			isa = XCBuildConfiguration;
			buildSettings = {
				ALWAYS_SEARCH_USER_PATHS = NO;
				CLANG_ANALYZER_NONNULL = YES;
				CLANG_ANALYZER_NUMBER_OBJECT_CONVERSION = YES_AGGRESSIVE;
				CLANG_CXX_LANGUAGE_STANDARD = "gnu++14";
				CLANG_CXX_LIBRARY = "libc++";
				CLANG_ENABLE_MODULES = YES;
				CLANG_ENABLE_OBJC_ARC = YES;
				CLANG_ENABLE_OBJC_WEAK = YES;
				CLANG_WARN_BLOCK_CAPTURE_AUTORELEASING = YES;
				CLANG_WARN_BOOL_CONVERSION = YES;
				CLANG_WARN_COMMA = YES;
				CLANG_WARN_CONSTANT_CONVERSION = YES;
				CLANG_WARN_DEPRECATED_OBJC_IMPLEMENTATIONS = YES;
				CLANG_WARN_DIRECT_OBJC_ISA_USAGE = YES_ERROR;
				CLANG_WARN_DOCUMENTATION_COMMENTS = YES;
				CLANG_WARN_EMPTY_BODY = YES;
				CLANG_WARN_ENUM_CONVERSION = YES;
				CLANG_WARN_INFINITE_RECURSION = YES;
				CLANG_WARN_INT_CONVERSION = YES;
				CLANG_WARN_NON_LITERAL_NULL_CONVERSION = YES;
				CLANG_WARN_OBJC_IMPLICIT_RETAIN_SELF = YES;
				CLANG_WARN_OBJC_LITERAL_CONVERSION = YES;
				CLANG_WARN_OBJC_ROOT_CLASS = YES_ERROR;
				CLANG_WARN_RANGE_LOOP_ANALYSIS = YES;
				CLANG_WARN_STRICT_PROTOTYPES = YES;
				CLANG_WARN_SUSPICIOUS_MOVE = YES;
				CLANG_WARN_UNGUARDED_AVAILABILITY = YES_AGGRESSIVE;
				CLANG_WARN_UNREACHABLE_CODE = YES;
				CLANG_WARN__DUPLICATE_METHOD_MATCH = YES;
				CODE_SIGN_IDENTITY = "iPhone Developer";
				COPY_PHASE_STRIP = NO;
				DEBUG_INFORMATION_FORMAT = dwarf;
				ENABLE_STRICT_OBJC_MSGSEND = YES;
				ENABLE_TESTABILITY = YES;
				GCC_C_LANGUAGE_STANDARD = gnu11;
				GCC_DYNAMIC_NO_PIC = NO;
				GCC_NO_COMMON_BLOCKS = YES;
				GCC_OPTIMIZATION_LEVEL = 0;
				GCC_PREPROCESSOR_DEFINITIONS = (
					"DEBUG=1",
					"$(inherited)",
				);
				GCC_WARN_64_TO_32_BIT_CONVERSION = YES;
				GCC_WARN_ABOUT_RETURN_TYPE = YES_ERROR;
				GCC_WARN_UNDECLARED_SELECTOR = YES;
				GCC_WARN_UNINITIALIZED_AUTOS = YES_AGGRESSIVE;
				GCC_WARN_UNUSED_FUNCTION = YES;
				GCC_WARN_UNUSED_VARIABLE = YES;
				IPHONEOS_DEPLOYMENT_TARGET = 10.0;
				MTL_ENABLE_DEBUG_INFO = YES;
				ONLY_ACTIVE_ARCH = YES;
				SDKROOT = iphoneos;
				SWIFT_ACTIVE_COMPILATION_CONDITIONS = DEBUG;
				SWIFT_OPTIMIZATION_LEVEL = "-Onone";
			};
			name = Debug;
		};
		B235990B2097134800813B39 /* Release */ = {
			isa = XCBuildConfiguration;
			buildSettings = {
				ALWAYS_SEARCH_USER_PATHS = NO;
				CLANG_ANALYZER_NONNULL = YES;
				CLANG_ANALYZER_NUMBER_OBJECT_CONVERSION = YES_AGGRESSIVE;
				CLANG_CXX_LANGUAGE_STANDARD = "gnu++14";
				CLANG_CXX_LIBRARY = "libc++";
				CLANG_ENABLE_MODULES = YES;
				CLANG_ENABLE_OBJC_ARC = YES;
				CLANG_ENABLE_OBJC_WEAK = YES;
				CLANG_WARN_BLOCK_CAPTURE_AUTORELEASING = YES;
				CLANG_WARN_BOOL_CONVERSION = YES;
				CLANG_WARN_COMMA = YES;
				CLANG_WARN_CONSTANT_CONVERSION = YES;
				CLANG_WARN_DEPRECATED_OBJC_IMPLEMENTATIONS = YES;
				CLANG_WARN_DIRECT_OBJC_ISA_USAGE = YES_ERROR;
				CLANG_WARN_DOCUMENTATION_COMMENTS = YES;
				CLANG_WARN_EMPTY_BODY = YES;
				CLANG_WARN_ENUM_CONVERSION = YES;
				CLANG_WARN_INFINITE_RECURSION = YES;
				CLANG_WARN_INT_CONVERSION = YES;
				CLANG_WARN_NON_LITERAL_NULL_CONVERSION = YES;
				CLANG_WARN_OBJC_IMPLICIT_RETAIN_SELF = YES;
				CLANG_WARN_OBJC_LITERAL_CONVERSION = YES;
				CLANG_WARN_OBJC_ROOT_CLASS = YES_ERROR;
				CLANG_WARN_RANGE_LOOP_ANALYSIS = YES;
				CLANG_WARN_STRICT_PROTOTYPES = YES;
				CLANG_WARN_SUSPICIOUS_MOVE = YES;
				CLANG_WARN_UNGUARDED_AVAILABILITY = YES_AGGRESSIVE;
				CLANG_WARN_UNREACHABLE_CODE = YES;
				CLANG_WARN__DUPLICATE_METHOD_MATCH = YES;
				CODE_SIGN_IDENTITY = "iPhone Developer";
				COPY_PHASE_STRIP = NO;
				DEBUG_INFORMATION_FORMAT = "dwarf-with-dsym";
				ENABLE_NS_ASSERTIONS = NO;
				ENABLE_STRICT_OBJC_MSGSEND = YES;
				GCC_C_LANGUAGE_STANDARD = gnu11;
				GCC_NO_COMMON_BLOCKS = YES;
				GCC_WARN_64_TO_32_BIT_CONVERSION = YES;
				GCC_WARN_ABOUT_RETURN_TYPE = YES_ERROR;
				GCC_WARN_UNDECLARED_SELECTOR = YES;
				GCC_WARN_UNINITIALIZED_AUTOS = YES_AGGRESSIVE;
				GCC_WARN_UNUSED_FUNCTION = YES;
				GCC_WARN_UNUSED_VARIABLE = YES;
				IPHONEOS_DEPLOYMENT_TARGET = 10.0;
				MTL_ENABLE_DEBUG_INFO = NO;
				SDKROOT = iphoneos;
				SWIFT_COMPILATION_MODE = wholemodule;
				SWIFT_OPTIMIZATION_LEVEL = "-O";
				VALIDATE_PRODUCT = YES;
			};
			name = Release;
		};
		B235990D2097134800813B39 /* Debug */ = {
			isa = XCBuildConfiguration;
			baseConfigurationReference = 0535FB8FDBA0EF87ADC74B50 /* Pods-DocumentScannerApp.debug.xcconfig */;
			buildSettings = {
				ASSETCATALOG_COMPILER_APPICON_NAME = AppIcon;
				CODE_SIGN_ENTITLEMENTS = DocumentScannerApp/DocumentScannerApp.entitlements;
				CODE_SIGN_STYLE = Automatic;
				DEVELOPMENT_TEAM = FCNMCC2Y82;
				INFOPLIST_FILE = DocumentScannerApp/Info.plist;
				IPHONEOS_DEPLOYMENT_TARGET = 10.0;
				LD_RUNPATH_SEARCH_PATHS = (
					"$(inherited)",
					"@executable_path/Frameworks",
				);
				PRODUCT_BUNDLE_IDENTIFIER = de.adorsys.DocumentScannerApp;
				PRODUCT_NAME = "$(TARGET_NAME)";
				SWIFT_VERSION = 4.2;
				TARGETED_DEVICE_FAMILY = 1;
			};
			name = Debug;
		};
		B235990E2097134800813B39 /* Release */ = {
			isa = XCBuildConfiguration;
			baseConfigurationReference = 7CA39DBC699FA54880710F8F /* Pods-DocumentScannerApp.release.xcconfig */;
			buildSettings = {
				ASSETCATALOG_COMPILER_APPICON_NAME = AppIcon;
				CODE_SIGN_ENTITLEMENTS = DocumentScannerApp/DocumentScannerApp.entitlements;
				CODE_SIGN_STYLE = Automatic;
				DEVELOPMENT_TEAM = FCNMCC2Y82;
				INFOPLIST_FILE = DocumentScannerApp/Info.plist;
				IPHONEOS_DEPLOYMENT_TARGET = 10.0;
				LD_RUNPATH_SEARCH_PATHS = (
					"$(inherited)",
					"@executable_path/Frameworks",
				);
				PRODUCT_BUNDLE_IDENTIFIER = de.adorsys.DocumentScannerApp;
				PRODUCT_NAME = "$(TARGET_NAME)";
				SWIFT_VERSION = 4.2;
				TARGETED_DEVICE_FAMILY = 1;
			};
			name = Release;
		};
		B23599102097134800813B39 /* Debug */ = {
			isa = XCBuildConfiguration;
			baseConfigurationReference = FA9EC9A9A578142338412FCC /* Pods-DocumentScannerAppTests.debug.xcconfig */;
			buildSettings = {
				ALWAYS_EMBED_SWIFT_STANDARD_LIBRARIES = YES;
				BUNDLE_LOADER = "$(TEST_HOST)";
				CODE_SIGN_STYLE = Automatic;
				DEVELOPMENT_TEAM = FCNMCC2Y82;
				INFOPLIST_FILE = DocumentScannerAppTests/Info.plist;
				LD_RUNPATH_SEARCH_PATHS = (
					"$(inherited)",
					"@executable_path/Frameworks",
					"@loader_path/Frameworks",
				);
				PRODUCT_BUNDLE_IDENTIFIER = de.adorsys.DocumentScannerAppTests;
				PRODUCT_NAME = "$(TARGET_NAME)";
				SWIFT_VERSION = 4.2;
				TARGETED_DEVICE_FAMILY = "1,2";
				TEST_HOST = "$(BUILT_PRODUCTS_DIR)/DocumentScannerApp.app/DocumentScannerApp";
			};
			name = Debug;
		};
		B23599112097134800813B39 /* Release */ = {
			isa = XCBuildConfiguration;
			baseConfigurationReference = 051A466FCEA0595AB7387809 /* Pods-DocumentScannerAppTests.release.xcconfig */;
			buildSettings = {
				ALWAYS_EMBED_SWIFT_STANDARD_LIBRARIES = YES;
				BUNDLE_LOADER = "$(TEST_HOST)";
				CODE_SIGN_STYLE = Automatic;
				DEVELOPMENT_TEAM = FCNMCC2Y82;
				INFOPLIST_FILE = DocumentScannerAppTests/Info.plist;
				LD_RUNPATH_SEARCH_PATHS = (
					"$(inherited)",
					"@executable_path/Frameworks",
					"@loader_path/Frameworks",
				);
				PRODUCT_BUNDLE_IDENTIFIER = de.adorsys.DocumentScannerAppTests;
				PRODUCT_NAME = "$(TARGET_NAME)";
				SWIFT_VERSION = 4.2;
				TARGETED_DEVICE_FAMILY = "1,2";
				TEST_HOST = "$(BUILT_PRODUCTS_DIR)/DocumentScannerApp.app/DocumentScannerApp";
			};
			name = Release;
		};
/* End XCBuildConfiguration section */

/* Begin XCConfigurationList section */
		B23598EA2097134700813B39 /* Build configuration list for PBXProject "DocumentScannerApp" */ = {
			isa = XCConfigurationList;
			buildConfigurations = (
				B235990A2097134800813B39 /* Debug */,
				B235990B2097134800813B39 /* Release */,
			);
			defaultConfigurationIsVisible = 0;
			defaultConfigurationName = Release;
		};
		B235990C2097134800813B39 /* Build configuration list for PBXNativeTarget "DocumentScannerApp" */ = {
			isa = XCConfigurationList;
			buildConfigurations = (
				B235990D2097134800813B39 /* Debug */,
				B235990E2097134800813B39 /* Release */,
			);
			defaultConfigurationIsVisible = 0;
			defaultConfigurationName = Release;
		};
		B235990F2097134800813B39 /* Build configuration list for PBXNativeTarget "DocumentScannerAppTests" */ = {
			isa = XCConfigurationList;
			buildConfigurations = (
				B23599102097134800813B39 /* Debug */,
				B23599112097134800813B39 /* Release */,
			);
			defaultConfigurationIsVisible = 0;
			defaultConfigurationName = Release;
		};
/* End XCConfigurationList section */
	};
	rootObject = B23598E72097134700813B39 /* Project object */;
}
